
Microsoft Visual Studio Solution File, Format Version 12.00
# Visual Studio Version 16
VisualStudioVersion = 16.0.31729.503
MinimumVisualStudioVersion = 10.0.40219.1
Project("{9A19103F-16F7-4668-BE54-9A1E7A4F7556}") = "Kampintro", "Kampintro\Kampintro.csproj", "{3B7D1AF8-21B7-46B6-9728-44E5E912F061}"
EndProject
Project("{9A19103F-16F7-4668-BE54-9A1E7A4F7556}") = "Donguler", "Donguler\Donguler.csproj", "{C31E9093-B615-4541-893A-4CB6BF0B0E60}"
EndProject
Project("{9A19103F-16F7-4668-BE54-9A1E7A4F7556}") = "Classintro", "Classintro\Classintro.csproj", "{35BDA24A-F3E4-4A2E-80C8-EE558C43AB93}"
EndProject
Project("{9A19103F-16F7-4668-BE54-9A1E7A4F7556}") = "Metotlar", "Metotlar\Metotlar.csproj", "{1F7AFD4E-E150-48BC-8628-840BB1B3A306}"
EndProject
Project("{2150E333-8FDC-42A3-9474-1A3956D46DE8}") = "Solution Items", "Solution Items", "{21E35D8E-F46D-4451-A9CF-ED2CAA9EAEDB}"
	ProjectSection(SolutionItems) = preProject
		.editorconfig = .editorconfig
		Not.txt = Not.txt
	EndProjectSection
EndProject
Project("{9A19103F-16F7-4668-BE54-9A1E7A4F7556}") = "Matematik", "Matematik\Matematik.csproj", "{A7672CAD-21DF-4902-AFDB-B56812D75AAC}"
EndProject
Project("{9A19103F-16F7-4668-BE54-9A1E7A4F7556}") = "DegerveReferansTipler", "DegerveReferansTipler\DegerveReferansTipler.csproj", "{CE7DEE35-BE04-4F21-848F-8AB1C509ADFC}"
EndProject
Project("{9A19103F-16F7-4668-BE54-9A1E7A4F7556}") = "OOP1", "OOP1\OOP1.csproj", "{6087A1BA-AA5D-4AC5-A0DA-E851A07066ED}"
EndProject
Project("{9A19103F-16F7-4668-BE54-9A1E7A4F7556}") = "Collections", "Collections\Collections.csproj", "{E62CDD4D-262F-44EC-B23A-7937099B48DA}"
EndProject
Project("{9A19103F-16F7-4668-BE54-9A1E7A4F7556}") = "GenericsIntro", "GenericsIntro\GenericsIntro.csproj", "{1307ABC0-BE6D-4D65-A554-668C1349AE05}"
EndProject
Project("{9A19103F-16F7-4668-BE54-9A1E7A4F7556}") = "ReferenceTypes", "ReferenceTypes\ReferenceTypes.csproj", "{5E1FB5EF-91FA-4DD1-9F3B-1B7F525D4968}"
EndProject
Project("{9A19103F-16F7-4668-BE54-9A1E7A4F7556}") = "Constructor", "Constructor\Constructor.csproj", "{A35ACEA4-A9E1-4286-A974-AEA9C4B523A5}"
EndProject
Project("{9A19103F-16F7-4668-BE54-9A1E7A4F7556}") = "Generics", "Generics\Generics.csproj", "{A036B40C-54C2-4A50-AEEF-0C534C37F680}"
EndProject
Project("{9A19103F-16F7-4668-BE54-9A1E7A4F7556}") = "OOP2", "OOP2\OOP2.csproj", "{A225A336-908B-449F-BA64-CF69338D9CA3}"
EndProject
Project("{9A19103F-16F7-4668-BE54-9A1E7A4F7556}") = "OOP3", "OOP3\OOP3.csproj", "{20B9033A-6152-4930-BD53-428069DF30C9}"
EndProject
Project("{9A19103F-16F7-4668-BE54-9A1E7A4F7556}") = "GamingProject", "GamingProject\GamingProject.csproj", "{AE9564D3-EAED-4345-A31A-9613E1358286}"
EndProject
Project("{FAE04EC0-301F-11D3-BF4B-00C04F79EFBC}") = "InterfaceAbstractDemo", "InterfaceAbstractDemo\InterfaceAbstractDemo.csproj", "{DB8D993C-CB24-4E6F-9730-32519EDD503E}"
EndProject
Global
	GlobalSection(SolutionConfigurationPlatforms) = preSolution
		Debug|Any CPU = Debug|Any CPU
		Release|Any CPU = Release|Any CPU
	EndGlobalSection
	GlobalSection(ProjectConfigurationPlatforms) = postSolution
		{3B7D1AF8-21B7-46B6-9728-44E5E912F061}.Debug|Any CPU.ActiveCfg = Debug|Any CPU
		{3B7D1AF8-21B7-46B6-9728-44E5E912F061}.Debug|Any CPU.Build.0 = Debug|Any CPU
		{3B7D1AF8-21B7-46B6-9728-44E5E912F061}.Release|Any CPU.ActiveCfg = Release|Any CPU
		{3B7D1AF8-21B7-46B6-9728-44E5E912F061}.Release|Any CPU.Build.0 = Release|Any CPU
		{C31E9093-B615-4541-893A-4CB6BF0B0E60}.Debug|Any CPU.ActiveCfg = Debug|Any CPU
		{C31E9093-B615-4541-893A-4CB6BF0B0E60}.Debug|Any CPU.Build.0 = Debug|Any CPU
		{C31E9093-B615-4541-893A-4CB6BF0B0E60}.Release|Any CPU.ActiveCfg = Release|Any CPU
		{C31E9093-B615-4541-893A-4CB6BF0B0E60}.Release|Any CPU.Build.0 = Release|Any CPU
		{35BDA24A-F3E4-4A2E-80C8-EE558C43AB93}.Debug|Any CPU.ActiveCfg = Debug|Any CPU
		{35BDA24A-F3E4-4A2E-80C8-EE558C43AB93}.Debug|Any CPU.Build.0 = Debug|Any CPU
		{35BDA24A-F3E4-4A2E-80C8-EE558C43AB93}.Release|Any CPU.ActiveCfg = Release|Any CPU
		{35BDA24A-F3E4-4A2E-80C8-EE558C43AB93}.Release|Any CPU.Build.0 = Release|Any CPU
		{1F7AFD4E-E150-48BC-8628-840BB1B3A306}.Debug|Any CPU.ActiveCfg = Debug|Any CPU
		{1F7AFD4E-E150-48BC-8628-840BB1B3A306}.Debug|Any CPU.Build.0 = Debug|Any CPU
		{1F7AFD4E-E150-48BC-8628-840BB1B3A306}.Release|Any CPU.ActiveCfg = Release|Any CPU
		{1F7AFD4E-E150-48BC-8628-840BB1B3A306}.Release|Any CPU.Build.0 = Release|Any CPU
		{A7672CAD-21DF-4902-AFDB-B56812D75AAC}.Debug|Any CPU.ActiveCfg = Debug|Any CPU
		{A7672CAD-21DF-4902-AFDB-B56812D75AAC}.Debug|Any CPU.Build.0 = Debug|Any CPU
		{A7672CAD-21DF-4902-AFDB-B56812D75AAC}.Release|Any CPU.ActiveCfg = Release|Any CPU
		{A7672CAD-21DF-4902-AFDB-B56812D75AAC}.Release|Any CPU.Build.0 = Release|Any CPU
		{CE7DEE35-BE04-4F21-848F-8AB1C509ADFC}.Debug|Any CPU.ActiveCfg = Debug|Any CPU
		{CE7DEE35-BE04-4F21-848F-8AB1C509ADFC}.Debug|Any CPU.Build.0 = Debug|Any CPU
		{CE7DEE35-BE04-4F21-848F-8AB1C509ADFC}.Release|Any CPU.ActiveCfg = Release|Any CPU
		{CE7DEE35-BE04-4F21-848F-8AB1C509ADFC}.Release|Any CPU.Build.0 = Release|Any CPU
		{6087A1BA-AA5D-4AC5-A0DA-E851A07066ED}.Debug|Any CPU.ActiveCfg = Debug|Any CPU
		{6087A1BA-AA5D-4AC5-A0DA-E851A07066ED}.Debug|Any CPU.Build.0 = Debug|Any CPU
		{6087A1BA-AA5D-4AC5-A0DA-E851A07066ED}.Release|Any CPU.ActiveCfg = Release|Any CPU
		{6087A1BA-AA5D-4AC5-A0DA-E851A07066ED}.Release|Any CPU.Build.0 = Release|Any CPU
		{E62CDD4D-262F-44EC-B23A-7937099B48DA}.Debug|Any CPU.ActiveCfg = Debug|Any CPU
		{E62CDD4D-262F-44EC-B23A-7937099B48DA}.Debug|Any CPU.Build.0 = Debug|Any CPU
		{E62CDD4D-262F-44EC-B23A-7937099B48DA}.Release|Any CPU.ActiveCfg = Release|Any CPU
		{E62CDD4D-262F-44EC-B23A-7937099B48DA}.Release|Any CPU.Build.0 = Release|Any CPU
		{1307ABC0-BE6D-4D65-A554-668C1349AE05}.Debug|Any CPU.ActiveCfg = Debug|Any CPU
		{1307ABC0-BE6D-4D65-A554-668C1349AE05}.Debug|Any CPU.Build.0 = Debug|Any CPU
		{1307ABC0-BE6D-4D65-A554-668C1349AE05}.Release|Any CPU.ActiveCfg = Release|Any CPU
		{1307ABC0-BE6D-4D65-A554-668C1349AE05}.Release|Any CPU.Build.0 = Release|Any CPU
		{5E1FB5EF-91FA-4DD1-9F3B-1B7F525D4968}.Debug|Any CPU.ActiveCfg = Debug|Any CPU
		{5E1FB5EF-91FA-4DD1-9F3B-1B7F525D4968}.Debug|Any CPU.Build.0 = Debug|Any CPU
		{5E1FB5EF-91FA-4DD1-9F3B-1B7F525D4968}.Release|Any CPU.ActiveCfg = Release|Any CPU
		{5E1FB5EF-91FA-4DD1-9F3B-1B7F525D4968}.Release|Any CPU.Build.0 = Release|Any CPU
		{A35ACEA4-A9E1-4286-A974-AEA9C4B523A5}.Debug|Any CPU.ActiveCfg = Debug|Any CPU
		{A35ACEA4-A9E1-4286-A974-AEA9C4B523A5}.Debug|Any CPU.Build.0 = Debug|Any CPU
		{A35ACEA4-A9E1-4286-A974-AEA9C4B523A5}.Release|Any CPU.ActiveCfg = Release|Any CPU
		{A35ACEA4-A9E1-4286-A974-AEA9C4B523A5}.Release|Any CPU.Build.0 = Release|Any CPU
		{A036B40C-54C2-4A50-AEEF-0C534C37F680}.Debug|Any CPU.ActiveCfg = Debug|Any CPU
		{A036B40C-54C2-4A50-AEEF-0C534C37F680}.Debug|Any CPU.Build.0 = Debug|Any CPU
		{A036B40C-54C2-4A50-AEEF-0C534C37F680}.Release|Any CPU.ActiveCfg = Release|Any CPU
		{A036B40C-54C2-4A50-AEEF-0C534C37F680}.Release|Any CPU.Build.0 = Release|Any CPU
		{A225A336-908B-449F-BA64-CF69338D9CA3}.Debug|Any CPU.ActiveCfg = Debug|Any CPU
		{A225A336-908B-449F-BA64-CF69338D9CA3}.Debug|Any CPU.Build.0 = Debug|Any CPU
		{A225A336-908B-449F-BA64-CF69338D9CA3}.Release|Any CPU.ActiveCfg = Release|Any CPU
		{A225A336-908B-449F-BA64-CF69338D9CA3}.Release|Any CPU.Build.0 = Release|Any CPU
		{20B9033A-6152-4930-BD53-428069DF30C9}.Debug|Any CPU.ActiveCfg = Debug|Any CPU
		{20B9033A-6152-4930-BD53-428069DF30C9}.Debug|Any CPU.Build.0 = Debug|Any CPU
		{20B9033A-6152-4930-BD53-428069DF30C9}.Release|Any CPU.ActiveCfg = Release|Any CPU
		{20B9033A-6152-4930-BD53-428069DF30C9}.Release|Any CPU.Build.0 = Release|Any CPU
		{AE9564D3-EAED-4345-A31A-9613E1358286}.Debug|Any CPU.ActiveCfg = Debug|Any CPU
		{AE9564D3-EAED-4345-A31A-9613E1358286}.Debug|Any CPU.Build.0 = Debug|Any CPU
		{AE9564D3-EAED-4345-A31A-9613E1358286}.Release|Any CPU.ActiveCfg = Release|Any CPU
		{AE9564D3-EAED-4345-A31A-9613E1358286}.Release|Any CPU.Build.0 = Release|Any CPU
		{DB8D993C-CB24-4E6F-9730-32519EDD503E}.Debug|Any CPU.ActiveCfg = Debug|Any CPU
		{DB8D993C-CB24-4E6F-9730-32519EDD503E}.Debug|Any CPU.Build.0 = Debug|Any CPU
		{DB8D993C-CB24-4E6F-9730-32519EDD503E}.Release|Any CPU.ActiveCfg = Release|Any CPU
		{DB8D993C-CB24-4E6F-9730-32519EDD503E}.Release|Any CPU.Build.0 = Release|Any CPU
	EndGlobalSection
	GlobalSection(SolutionProperties) = preSolution
		HideSolutionNode = FALSE
	EndGlobalSection
	GlobalSection(ExtensibilityGlobals) = postSolution
		SolutionGuid = {D27EE6D9-D216-4662-BA75-34DA69E7DA1F}
	EndGlobalSection
EndGlobal
